
Microsoft Visual Studio Solution File, Format Version 11.00
# Visual Studio 2010
Project("{FAE04EC0-301F-11D3-BF4B-00C04F79EFBC}") = "Gestures", "Gestures.csproj", "{36BA745B-850A-4C3C-88F5-125B0171B187}"
EndProject
Global
	GlobalSection(SolutionConfigurationPlatforms) = preSolution
		Debug|Any CPU = Debug|Any CPU
		Release|Any CPU = Release|Any CPU
	EndGlobalSection
	GlobalSection(ProjectConfigurationPlatforms) = postSolution
		{36BA745B-850A-4C3C-88F5-125B0171B187}.Debug|Any CPU.ActiveCfg = Debug|Any CPU
		{36BA745B-850A-4C3C-88F5-125B0171B187}.Debug|Any CPU.Build.0 = Debug|Any CPU
		{36BA745B-850A-4C3C-88F5-125B0171B187}.Release|Any CPU.ActiveCfg = Release|Any CPU
		{36BA745B-850A-4C3C-88F5-125B0171B187}.Release|Any CPU.Build.0 = Release|Any CPU
	EndGlobalSection
	GlobalSection(SolutionProperties) = preSolution
		HideSolutionNode = FALSE
	EndGlobalSection
EndGlobal
